
Microsoft Visual Studio Solution File, Format Version 12.00
# Visual Studio 2012
Project("{FAE04EC0-301F-11D3-BF4B-00C04F79EFBC}") = "ltssmsg", "ltssmsg\ltssmsg.csproj", "{59381204-8545-42E6-B5D0-217CF5AB8F59}"
EndProject
Project("{FAE04EC0-301F-11D3-BF4B-00C04F79EFBC}") = "FeiEventStore", "FeiEventStore\FeiEventStore.csproj", "{6E3A7978-CB51-44AD-9C81-113C09F90F3C}"
EndProject
Project("{FAE04EC0-301F-11D3-BF4B-00C04F79EFBC}") = "PDEventStore.Store", "EventStore\PDEventStore.Store.csproj", "{C6486FAD-4256-4F5C-8B39-B83B8CD2739C}"
EndProject
Project("{FAE04EC0-301F-11D3-BF4B-00C04F79EFBC}") = "PDEventStore.Common", "PDEventStore.Common\PDEventStore.Common.csproj", "{A1FEF3F1-4A4E-4BA9-9C7A-879959BD9563}"
EndProject
Global
	GlobalSection(SolutionConfigurationPlatforms) = preSolution
		Debug|Any CPU = Debug|Any CPU
		Release|Any CPU = Release|Any CPU
	EndGlobalSection
	GlobalSection(ProjectConfigurationPlatforms) = postSolution
		{59381204-8545-42E6-B5D0-217CF5AB8F59}.Debug|Any CPU.ActiveCfg = Debug|Any CPU
		{59381204-8545-42E6-B5D0-217CF5AB8F59}.Debug|Any CPU.Build.0 = Debug|Any CPU
		{59381204-8545-42E6-B5D0-217CF5AB8F59}.Release|Any CPU.ActiveCfg = Release|Any CPU
		{59381204-8545-42E6-B5D0-217CF5AB8F59}.Release|Any CPU.Build.0 = Release|Any CPU
		{6E3A7978-CB51-44AD-9C81-113C09F90F3C}.Debug|Any CPU.ActiveCfg = Debug|Any CPU
		{6E3A7978-CB51-44AD-9C81-113C09F90F3C}.Debug|Any CPU.Build.0 = Debug|Any CPU
		{6E3A7978-CB51-44AD-9C81-113C09F90F3C}.Release|Any CPU.ActiveCfg = Release|Any CPU
		{6E3A7978-CB51-44AD-9C81-113C09F90F3C}.Release|Any CPU.Build.0 = Release|Any CPU
		{C6486FAD-4256-4F5C-8B39-B83B8CD2739C}.Debug|Any CPU.ActiveCfg = Debug|Any CPU
		{C6486FAD-4256-4F5C-8B39-B83B8CD2739C}.Debug|Any CPU.Build.0 = Debug|Any CPU
		{C6486FAD-4256-4F5C-8B39-B83B8CD2739C}.Release|Any CPU.ActiveCfg = Release|Any CPU
		{C6486FAD-4256-4F5C-8B39-B83B8CD2739C}.Release|Any CPU.Build.0 = Release|Any CPU
		{A1FEF3F1-4A4E-4BA9-9C7A-879959BD9563}.Debug|Any CPU.ActiveCfg = Debug|Any CPU
		{A1FEF3F1-4A4E-4BA9-9C7A-879959BD9563}.Debug|Any CPU.Build.0 = Debug|Any CPU
		{A1FEF3F1-4A4E-4BA9-9C7A-879959BD9563}.Release|Any CPU.ActiveCfg = Release|Any CPU
		{A1FEF3F1-4A4E-4BA9-9C7A-879959BD9563}.Release|Any CPU.Build.0 = Release|Any CPU
	EndGlobalSection
	GlobalSection(SolutionProperties) = preSolution
		HideSolutionNode = FALSE
	EndGlobalSection
EndGlobal
